
Microsoft Visual Studio Solution File, Format Version 12.00
# Visual Studio Version 17
VisualStudioVersion = 17.9.34728.123
MinimumVisualStudioVersion = 10.0.40219.1
Project("{FAE04EC0-301F-11D3-BF4B-00C04F79EFBC}") = "AdventOfCode2024", "AdventOfCode2024\AdventOfCode2024.csproj", "{2414F69E-FC12-43B5-8B13-6C95F2BCF375}"
EndProject
Global
	GlobalSection(SolutionConfigurationPlatforms) = preSolution
		Debug|Any CPU = Debug|Any CPU
		Release|Any CPU = Release|Any CPU
	EndGlobalSection
	GlobalSection(ProjectConfigurationPlatforms) = postSolution
		{2414F69E-FC12-43B5-8B13-6C95F2BCF375}.Debug|Any CPU.ActiveCfg = Debug|Any CPU
		{2414F69E-FC12-43B5-8B13-6C95F2BCF375}.Debug|Any CPU.Build.0 = Debug|Any CPU
		{2414F69E-FC12-43B5-8B13-6C95F2BCF375}.Release|Any CPU.ActiveCfg = Release|Any CPU
		{2414F69E-FC12-43B5-8B13-6C95F2BCF375}.Release|Any CPU.Build.0 = Release|Any CPU
	EndGlobalSection
	GlobalSection(SolutionProperties) = preSolution
		HideSolutionNode = FALSE
	EndGlobalSection
	GlobalSection(ExtensibilityGlobals) = postSolution
		SolutionGuid = {BA641E50-17BE-46E0-95C3-D99C593D17F4}
	EndGlobalSection
EndGlobal
